
Microsoft Visual Studio Solution File, Format Version 12.00
# Visual Studio 15
VisualStudioVersion = 15.0.28307.539
MinimumVisualStudioVersion = 10.0.40219.1
Project("{2150E333-8FDC-42A3-9474-1A3956D46DE8}") = "[0] Modelagem de Entidades", "[0] Modelagem de Entidades", "{0FDDA5FE-1F1C-494B-827F-AF3D83B1F20C}"
EndProject
Project("{2150E333-8FDC-42A3-9474-1A3956D46DE8}") = "[1] Sistema", "[1] Sistema", "{D313D961-BEA9-49CD-8445-E6F1979F0870}"
EndProject
Project("{2150E333-8FDC-42A3-9474-1A3956D46DE8}") = "[1.1] Camada de Apresentacao", "[1.1] Camada de Apresentacao", "{0367BED1-08B8-4675-906D-E3BBB10A67A9}"
EndProject
Project("{2150E333-8FDC-42A3-9474-1A3956D46DE8}") = "[1.2] Camada de Servicos", "[1.2] Camada de Servicos", "{2CDFD6C5-86E8-41F4-BAE8-09C56969D782}"
EndProject
Project("{2150E333-8FDC-42A3-9474-1A3956D46DE8}") = "[1.3] Camada de Regras de Negocio", "[1.3] Camada de Regras de Negocio", "{99EC385B-9B98-4946-A96C-749AF523A893}"
EndProject
Project("{2150E333-8FDC-42A3-9474-1A3956D46DE8}") = "[1.4] Camada de Acesso a Dados", "[1.4] Camada de Acesso a Dados", "{C405E169-1847-4DC3-8F8E-7F120AEBD8FD}"
EndProject
Project("{2150E333-8FDC-42A3-9474-1A3956D46DE8}") = "[1.3.1] Interfaces", "[1.3.1] Interfaces", "{6BA6452A-4FCA-463C-B901-27675E14FA4F}"
EndProject
Project("{2150E333-8FDC-42A3-9474-1A3956D46DE8}") = "[1.3.2] Implementacoes", "[1.3.2] Implementacoes", "{45ABCB1C-1F15-426D-A91C-DCF88A40F5DD}"
EndProject
Project("{2150E333-8FDC-42A3-9474-1A3956D46DE8}") = "[1.4.1] Interfaces", "[1.4.1] Interfaces", "{CF73B8E3-81BF-425C-992A-C0E57F5BE2B5}"
EndProject
Project("{2150E333-8FDC-42A3-9474-1A3956D46DE8}") = "[1.4.2] Implementacoes", "[1.4.2] Implementacoes", "{E779AD1F-A269-43DE-B5FE-FE038A75AA77}"
EndProject
Project("{FAE04EC0-301F-11D3-BF4B-00C04F79EFBC}") = "Projeto.Entities", "Projeto.Entities\Projeto.Entities.csproj", "{C4DA04AE-C286-4AE5-BD4C-E5A318B03DA6}"
EndProject
Project("{FAE04EC0-301F-11D3-BF4B-00C04F79EFBC}") = "Projeto.Presentation", "Projeto.Presentation\Projeto.Presentation.csproj", "{C258239D-EE34-4FEC-A421-46E28DE8AEF0}"
EndProject
Project("{FAE04EC0-301F-11D3-BF4B-00C04F79EFBC}") = "Projeto.Services", "Projeto.Services\Projeto.Services.csproj", "{33F14DAF-9708-4E37-AE2D-E4AC681DD879}"
EndProject
Project("{FAE04EC0-301F-11D3-BF4B-00C04F79EFBC}") = "Projeto.Business.Contracts", "Projeto.Business.Contracts\Projeto.Business.Contracts.csproj", "{5273CBC8-43A3-41AD-AD1A-648462D85EFA}"
EndProject
Project("{FAE04EC0-301F-11D3-BF4B-00C04F79EFBC}") = "Projeto.Business.Impl", "Projeto.Business.Impl\Projeto.Business.Impl.csproj", "{95EB0303-A4B3-44D7-A883-8647F4C4AE0C}"
EndProject
Project("{FAE04EC0-301F-11D3-BF4B-00C04F79EFBC}") = "Projeto.Repository.Contracts", "Projeto.Repository.Contracts\Projeto.Repository.Contracts.csproj", "{7C446CE0-9F7B-47F3-80CC-4DE63FB33AE7}"
EndProject
Project("{FAE04EC0-301F-11D3-BF4B-00C04F79EFBC}") = "Projeto.Repository.Impl", "Projeto.Repository.Impl\Projeto.Repository.Impl.csproj", "{C7A582CE-7DA4-468B-AFF1-0A0D2BD3BD6B}"
EndProject
Global
	GlobalSection(SolutionConfigurationPlatforms) = preSolution
		Debug|Any CPU = Debug|Any CPU
		Release|Any CPU = Release|Any CPU
	EndGlobalSection
	GlobalSection(ProjectConfigurationPlatforms) = postSolution
		{C4DA04AE-C286-4AE5-BD4C-E5A318B03DA6}.Debug|Any CPU.ActiveCfg = Debug|Any CPU
		{C4DA04AE-C286-4AE5-BD4C-E5A318B03DA6}.Debug|Any CPU.Build.0 = Debug|Any CPU
		{C4DA04AE-C286-4AE5-BD4C-E5A318B03DA6}.Release|Any CPU.ActiveCfg = Release|Any CPU
		{C4DA04AE-C286-4AE5-BD4C-E5A318B03DA6}.Release|Any CPU.Build.0 = Release|Any CPU
		{C258239D-EE34-4FEC-A421-46E28DE8AEF0}.Debug|Any CPU.ActiveCfg = Debug|Any CPU
		{C258239D-EE34-4FEC-A421-46E28DE8AEF0}.Debug|Any CPU.Build.0 = Debug|Any CPU
		{C258239D-EE34-4FEC-A421-46E28DE8AEF0}.Release|Any CPU.ActiveCfg = Release|Any CPU
		{C258239D-EE34-4FEC-A421-46E28DE8AEF0}.Release|Any CPU.Build.0 = Release|Any CPU
		{33F14DAF-9708-4E37-AE2D-E4AC681DD879}.Debug|Any CPU.ActiveCfg = Debug|Any CPU
		{33F14DAF-9708-4E37-AE2D-E4AC681DD879}.Debug|Any CPU.Build.0 = Debug|Any CPU
		{33F14DAF-9708-4E37-AE2D-E4AC681DD879}.Release|Any CPU.ActiveCfg = Release|Any CPU
		{33F14DAF-9708-4E37-AE2D-E4AC681DD879}.Release|Any CPU.Build.0 = Release|Any CPU
		{5273CBC8-43A3-41AD-AD1A-648462D85EFA}.Debug|Any CPU.ActiveCfg = Debug|Any CPU
		{5273CBC8-43A3-41AD-AD1A-648462D85EFA}.Debug|Any CPU.Build.0 = Debug|Any CPU
		{5273CBC8-43A3-41AD-AD1A-648462D85EFA}.Release|Any CPU.ActiveCfg = Release|Any CPU
		{5273CBC8-43A3-41AD-AD1A-648462D85EFA}.Release|Any CPU.Build.0 = Release|Any CPU
		{95EB0303-A4B3-44D7-A883-8647F4C4AE0C}.Debug|Any CPU.ActiveCfg = Debug|Any CPU
		{95EB0303-A4B3-44D7-A883-8647F4C4AE0C}.Debug|Any CPU.Build.0 = Debug|Any CPU
		{95EB0303-A4B3-44D7-A883-8647F4C4AE0C}.Release|Any CPU.ActiveCfg = Release|Any CPU
		{95EB0303-A4B3-44D7-A883-8647F4C4AE0C}.Release|Any CPU.Build.0 = Release|Any CPU
		{7C446CE0-9F7B-47F3-80CC-4DE63FB33AE7}.Debug|Any CPU.ActiveCfg = Debug|Any CPU
		{7C446CE0-9F7B-47F3-80CC-4DE63FB33AE7}.Debug|Any CPU.Build.0 = Debug|Any CPU
		{7C446CE0-9F7B-47F3-80CC-4DE63FB33AE7}.Release|Any CPU.ActiveCfg = Release|Any CPU
		{7C446CE0-9F7B-47F3-80CC-4DE63FB33AE7}.Release|Any CPU.Build.0 = Release|Any CPU
		{C7A582CE-7DA4-468B-AFF1-0A0D2BD3BD6B}.Debug|Any CPU.ActiveCfg = Debug|Any CPU
		{C7A582CE-7DA4-468B-AFF1-0A0D2BD3BD6B}.Debug|Any CPU.Build.0 = Debug|Any CPU
		{C7A582CE-7DA4-468B-AFF1-0A0D2BD3BD6B}.Release|Any CPU.ActiveCfg = Release|Any CPU
		{C7A582CE-7DA4-468B-AFF1-0A0D2BD3BD6B}.Release|Any CPU.Build.0 = Release|Any CPU
	EndGlobalSection
	GlobalSection(SolutionProperties) = preSolution
		HideSolutionNode = FALSE
	EndGlobalSection
	GlobalSection(NestedProjects) = preSolution
		{0367BED1-08B8-4675-906D-E3BBB10A67A9} = {D313D961-BEA9-49CD-8445-E6F1979F0870}
		{2CDFD6C5-86E8-41F4-BAE8-09C56969D782} = {D313D961-BEA9-49CD-8445-E6F1979F0870}
		{99EC385B-9B98-4946-A96C-749AF523A893} = {D313D961-BEA9-49CD-8445-E6F1979F0870}
		{C405E169-1847-4DC3-8F8E-7F120AEBD8FD} = {D313D961-BEA9-49CD-8445-E6F1979F0870}
		{6BA6452A-4FCA-463C-B901-27675E14FA4F} = {99EC385B-9B98-4946-A96C-749AF523A893}
		{45ABCB1C-1F15-426D-A91C-DCF88A40F5DD} = {99EC385B-9B98-4946-A96C-749AF523A893}
		{CF73B8E3-81BF-425C-992A-C0E57F5BE2B5} = {C405E169-1847-4DC3-8F8E-7F120AEBD8FD}
		{E779AD1F-A269-43DE-B5FE-FE038A75AA77} = {C405E169-1847-4DC3-8F8E-7F120AEBD8FD}
		{C4DA04AE-C286-4AE5-BD4C-E5A318B03DA6} = {0FDDA5FE-1F1C-494B-827F-AF3D83B1F20C}
		{C258239D-EE34-4FEC-A421-46E28DE8AEF0} = {0367BED1-08B8-4675-906D-E3BBB10A67A9}
		{33F14DAF-9708-4E37-AE2D-E4AC681DD879} = {2CDFD6C5-86E8-41F4-BAE8-09C56969D782}
		{5273CBC8-43A3-41AD-AD1A-648462D85EFA} = {6BA6452A-4FCA-463C-B901-27675E14FA4F}
		{95EB0303-A4B3-44D7-A883-8647F4C4AE0C} = {45ABCB1C-1F15-426D-A91C-DCF88A40F5DD}
		{7C446CE0-9F7B-47F3-80CC-4DE63FB33AE7} = {CF73B8E3-81BF-425C-992A-C0E57F5BE2B5}
		{C7A582CE-7DA4-468B-AFF1-0A0D2BD3BD6B} = {E779AD1F-A269-43DE-B5FE-FE038A75AA77}
	EndGlobalSection
	GlobalSection(ExtensibilityGlobals) = postSolution
		SolutionGuid = {11053525-C7BB-4AD2-AF37-8CC75FFE9436}
	EndGlobalSection
EndGlobal
